PODS:
  - Crashlytics (3.7.1):
    - Fabric (~> 1.6.3)
  - Digits (2.2.0):
    - TwitterCore (= 2.2.0)
  - Fabric (1.6.7)
  - LayerKit (0.21.1)
  - Localytics (3.8.0)
  - MBProgressHUD (0.9.2)
  - SDWebImage (3.8.1):
    - SDWebImage/Core (= 3.8.1)
  - SDWebImage/Core (3.8.1)
  - Smooch (4.2.2)
  - TwitterCore (2.2.0):
    - Fabric
  - TwitterKit (2.2.0):
    - TwitterCore (= 2.2.0)

DEPENDENCIES:
  - Crashlytics
  - Digits
  - Fabric
  - LayerKit
  - Localytics (~> 3.0)
  - MBProgressHUD
  - SDWebImage
  - Smooch
  - TwitterCore
  - TwitterKit

SPEC CHECKSUMS:
  Crashlytics: 3cdd4c9655be68032a0cf0379e0fb5ef6af22cad
  Digits: 335c479574eb2bbc50be326c1daf505b68d87135
  Fabric: caf7580c725e64db144f610ac65cd60956911dc7
  LayerKit: 7d77cfa591a3b82e76dfa1c7b477d90ccd87feb0
  Localytics: 8fd8455e92c5d5d507d1302e704e7db5ca2a33bf
  MBProgressHUD: 1569cf7ace17a8bac47aabfbb8580a49690386d1
  SDWebImage: 35f9627a3e44b4f292a8a8ce6a531fa488239b91
  Smooch: eac65a9b9e888e3325fde725ce1a6a1ec2137dfc
  TwitterCore: 115527630bb2986954adc928b8c895a92bcd57e5
  TwitterKit: 2c64ec342a6261ae6bab565bad85dcbbfd3888b7

COCOAPODS: 0.39.0
